
Microsoft Visual Studio Solution File, Format Version 12.00
# Visual Studio Version 17
VisualStudioVersion = 17.4.33213.308
MinimumVisualStudioVersion = 10.0.40219.1
Project("{F184B08F-C81C-45F6-A57F-5ABD9991F28F}") = "POSPrinter Example", "POSPrinter Example.vbproj", "{639EE74E-516B-4DBC-A0D3-AAD696D67E66}"
EndProject
Global
	GlobalSection(SolutionConfigurationPlatforms) = preSolution
		Debug|Any CPU = Debug|Any CPU
		Release|Any CPU = Release|Any CPU
	EndGlobalSection
	GlobalSection(ProjectConfigurationPlatforms) = postSolution
		{639EE74E-516B-4DBC-A0D3-AAD696D67E66}.Debug|Any CPU.ActiveCfg = Debug|Any CPU
		{639EE74E-516B-4DBC-A0D3-AAD696D67E66}.Debug|Any CPU.Build.0 = Debug|Any CPU
		{639EE74E-516B-4DBC-A0D3-AAD696D67E66}.Release|Any CPU.ActiveCfg = Release|Any CPU
		{639EE74E-516B-4DBC-A0D3-AAD696D67E66}.Release|Any CPU.Build.0 = Release|Any CPU
	EndGlobalSection
	GlobalSection(SolutionProperties) = preSolution
		HideSolutionNode = FALSE
	EndGlobalSection
	GlobalSection(ExtensibilityGlobals) = postSolution
		SolutionGuid = {6D2D1767-EB6A-4A68-AC97-A9134A0F7748}
	EndGlobalSection
EndGlobal
